// !$*UTF8*$!
{
	archiveVersion = 1;
	classes = {
	};
	objectVersion = 50;
	objects = {

/* Begin PBXBuildFile section */
		F92ACAAF23F8FA97004FE6DE /* AppDelegate.swift in Sources */ = {isa = PBXBuildFile; fileRef = F92ACAAE23F8FA97004FE6DE /* AppDelegate.swift */; };
		F92ACAB323F8FA97004FE6DE /* ReminderListViewController.swift in Sources */ = {isa = PBXBuildFile; fileRef = F92ACAB223F8FA97004FE6DE /* ReminderListViewController.swift */; };
		F92ACAB923F8FA97004FE6DE /* SwiftyDo.xcdatamodeld in Sources */ = {isa = PBXBuildFile; fileRef = F92ACAB723F8FA97004FE6DE /* SwiftyDo.xcdatamodeld */; };
		F92ACABB23F8FA98004FE6DE /* Assets.xcassets in Resources */ = {isa = PBXBuildFile; fileRef = F92ACABA23F8FA98004FE6DE /* Assets.xcassets */; };
		F92ACABE23F8FA98004FE6DE /* LaunchScreen.storyboard in Resources */ = {isa = PBXBuildFile; fileRef = F92ACABC23F8FA98004FE6DE /* LaunchScreen.storyboard */; };
		F92ACAC623F8FB47004FE6DE /* ReminderViewController.swift in Sources */ = {isa = PBXBuildFile; fileRef = F92ACAC523F8FB47004FE6DE /* ReminderViewController.swift */; };
		F9770EB02404D7DF009BC667 /* SceneDelegate.swift in Sources */ = {isa = PBXBuildFile; fileRef = F92ACAB023F8FA97004FE6DE /* SceneDelegate.swift */; };
		F9EEEDF2240E13C700935991 /* String.swift in Sources */ = {isa = PBXBuildFile; fileRef = F9EEEDF1240E13C700935991 /* String.swift */; };
		F9F0B63D24060885004436DD /* Main.storyboard in Resources */ = {isa = PBXBuildFile; fileRef = F92ACAB423F8FA97004FE6DE /* Main.storyboard */; };
		F9F0B63F24062CED004436DD /* RemindersDataClient.swift in Sources */ = {isa = PBXBuildFile; fileRef = F9F0B63E24062CED004436DD /* RemindersDataClient.swift */; };
		F9F0B64124063A82004436DD /* ReminderDTO.swift in Sources */ = {isa = PBXBuildFile; fileRef = F9F0B64024063A82004436DD /* ReminderDTO.swift */; };
		F9F0B648240B3FF9004436DD /* ReminderListViewModel.swift in Sources */ = {isa = PBXBuildFile; fileRef = F9F0B647240B3FF9004436DD /* ReminderListViewModel.swift */; };
/* End PBXBuildFile section */

/* Begin PBXFileReference section */
		F92ACAAB23F8FA97004FE6DE /* SwiftyDo.app */ = {isa = PBXFileReference; explicitFileType = wrapper.application; includeInIndex = 0; path = SwiftyDo.app; sourceTree = BUILT_PRODUCTS_DIR; };
		F92ACAAE23F8FA97004FE6DE /* AppDelegate.swift */ = {isa = PBXFileReference; lastKnownFileType = sourcecode.swift; path = AppDelegate.swift; sourceTree = "<group>"; };
		F92ACAB023F8FA97004FE6DE /* SceneDelegate.swift */ = {isa = PBXFileReference; lastKnownFileType = sourcecode.swift; path = SceneDelegate.swift; sourceTree = "<group>"; };
		F92ACAB223F8FA97004FE6DE /* ReminderListViewController.swift */ = {isa = PBXFileReference; lastKnownFileType = sourcecode.swift; path = ReminderListViewController.swift; sourceTree = "<group>"; };
		F92ACAB523F8FA97004FE6DE /* Base */ = {isa = PBXFileReference; lastKnownFileType = file.storyboard; name = Base; path = Base.lproj/Main.storyboard; sourceTree = "<group>"; };
		F92ACAB823F8FA97004FE6DE /* SwiftyDo.xcdatamodel */ = {isa = PBXFileReference; lastKnownFileType = wrapper.xcdatamodel; path = SwiftyDo.xcdatamodel; sourceTree = "<group>"; };
		F92ACABA23F8FA98004FE6DE /* Assets.xcassets */ = {isa = PBXFileReference; lastKnownFileType = folder.assetcatalog; path = Assets.xcassets; sourceTree = "<group>"; };
		F92ACABD23F8FA98004FE6DE /* Base */ = {isa = PBXFileReference; lastKnownFileType = file.storyboard; name = Base; path = Base.lproj/LaunchScreen.storyboard; sourceTree = "<group>"; };
		F92ACABF23F8FA98004FE6DE /* Info.plist */ = {isa = PBXFileReference; lastKnownFileType = text.plist.xml; path = Info.plist; sourceTree = "<group>"; };
		F92ACAC523F8FB47004FE6DE /* ReminderViewController.swift */ = {isa = PBXFileReference; lastKnownFileType = sourcecode.swift; path = ReminderViewController.swift; sourceTree = "<group>"; };
		F9EEEDF1240E13C700935991 /* String.swift */ = {isa = PBXFileReference; lastKnownFileType = sourcecode.swift; path = String.swift; sourceTree = "<group>"; };
		F9F0B63E24062CED004436DD /* RemindersDataClient.swift */ = {isa = PBXFileReference; lastKnownFileType = sourcecode.swift; path = RemindersDataClient.swift; sourceTree = "<group>"; };
		F9F0B64024063A82004436DD /* ReminderDTO.swift */ = {isa = PBXFileReference; lastKnownFileType = sourcecode.swift; path = ReminderDTO.swift; sourceTree = "<group>"; };
		F9F0B647240B3FF9004436DD /* ReminderListViewModel.swift */ = {isa = PBXFileReference; lastKnownFileType = sourcecode.swift; path = ReminderListViewModel.swift; sourceTree = "<group>"; };
/* End PBXFileReference section */

/* Begin PBXFrameworksBuildPhase section */
		F92ACAA823F8FA97004FE6DE /* Frameworks */ = {
			isa = PBXFrameworksBuildPhase;
			buildActionMask = 2147483647;
			files = (
			);
			runOnlyForDeploymentPostprocessing = 0;
		};
/* End PBXFrameworksBuildPhase section */

/* Begin PBXGroup section */
		F92ACAA223F8FA97004FE6DE = {
			isa = PBXGroup;
			children = (
				F92ACAAD23F8FA97004FE6DE /* SwiftyDo */,
				F92ACAAC23F8FA97004FE6DE /* Products */,
			);
			sourceTree = "<group>";
		};
		F92ACAAC23F8FA97004FE6DE /* Products */ = {
			isa = PBXGroup;
			children = (
				F92ACAAB23F8FA97004FE6DE /* SwiftyDo.app */,
			);
			name = Products;
			sourceTree = "<group>";
		};
		F92ACAAD23F8FA97004FE6DE /* SwiftyDo */ = {
			isa = PBXGroup;
			children = (
				F9EEEDF0240E13A800935991 /* Extensions */,
				F92ACACA2401BAE4004FE6DE /* Data */,
				F92ACAC92401BAC8004FE6DE /* View */,
				F92ACAAE23F8FA97004FE6DE /* AppDelegate.swift */,
				F92ACAB023F8FA97004FE6DE /* SceneDelegate.swift */,
				F92ACABA23F8FA98004FE6DE /* Assets.xcassets */,
				F92ACABF23F8FA98004FE6DE /* Info.plist */,
			);
			path = SwiftyDo;
			sourceTree = "<group>";
		};
		F92ACAC92401BAC8004FE6DE /* View */ = {
			isa = PBXGroup;
			children = (
				F92ACAB223F8FA97004FE6DE /* ReminderListViewController.swift */,
				F92ACAB423F8FA97004FE6DE /* Main.storyboard */,
				F92ACABC23F8FA98004FE6DE /* LaunchScreen.storyboard */,
				F92ACAC523F8FB47004FE6DE /* ReminderViewController.swift */,
				F9F0B647240B3FF9004436DD /* ReminderListViewModel.swift */,
			);
			path = View;
			sourceTree = "<group>";
		};
		F92ACACA2401BAE4004FE6DE /* Data */ = {
			isa = PBXGroup;
			children = (
				F92ACAB723F8FA97004FE6DE /* SwiftyDo.xcdatamodeld */,
				F9F0B63E24062CED004436DD /* RemindersDataClient.swift */,
				F9F0B64024063A82004436DD /* ReminderDTO.swift */,
			);
			path = Data;
			sourceTree = "<group>";
		};
		F9EEEDF0240E13A800935991 /* Extensions */ = {
			isa = PBXGroup;
			children = (
				F9EEEDF1240E13C700935991 /* String.swift */,
			);
			path = Extensions;
			sourceTree = "<group>";
		};
/* End PBXGroup section */

/* Begin PBXNativeTarget section */
		F92ACAAA23F8FA97004FE6DE /* SwiftyDo */ = {
			isa = PBXNativeTarget;
			buildConfigurationList = F92ACAC223F8FA98004FE6DE /* Build configuration list for PBXNativeTarget "SwiftyDo" */;
			buildPhases = (
				F92ACAA723F8FA97004FE6DE /* Sources */,
				F92ACAA823F8FA97004FE6DE /* Frameworks */,
				F92ACAA923F8FA97004FE6DE /* Resources */,
			);
			buildRules = (
			);
			dependencies = (
			);
			name = SwiftyDo;
			productName = SwiftyDo;
			productReference = F92ACAAB23F8FA97004FE6DE /* SwiftyDo.app */;
			productType = "com.apple.product-type.application";
		};
/* End PBXNativeTarget section */

/* Begin PBXProject section */
		F92ACAA323F8FA97004FE6DE /* Project object */ = {
			isa = PBXProject;
			attributes = {
				LastSwiftUpdateCheck = 1130;
				LastUpgradeCheck = 1130;
				ORGANIZATIONNAME = "Jonathan McCormick";
				TargetAttributes = {
					F92ACAAA23F8FA97004FE6DE = {
						CreatedOnToolsVersion = 11.3;
					};
				};
			};
			buildConfigurationList = F92ACAA623F8FA97004FE6DE /* Build configuration list for PBXProject "SwiftyDo" */;
			compatibilityVersion = "Xcode 9.3";
			developmentRegion = en;
			hasScannedForEncodings = 0;
			knownRegions = (
				en,
				Base,
			);
			mainGroup = F92ACAA223F8FA97004FE6DE;
			productRefGroup = F92ACAAC23F8FA97004FE6DE /* Products */;
			projectDirPath = "";
			projectRoot = "";
			targets = (
				F92ACAAA23F8FA97004FE6DE /* SwiftyDo */,
			);
		};
/* End PBXProject section */

/* Begin PBXResourcesBuildPhase section */
		F92ACAA923F8FA97004FE6DE /* Resources */ = {
			isa = PBXResourcesBuildPhase;
			buildActionMask = 2147483647;
			files = (
				F9F0B63D24060885004436DD /* Main.storyboard in Resources */,
				F92ACABE23F8FA98004FE6DE /* LaunchScreen.storyboard in Resources */,
				F92ACABB23F8FA98004FE6DE /* Assets.xcassets in Resources */,
			);
			runOnlyForDeploymentPostprocessing = 0;
		};
/* End PBXResourcesBuildPhase section */

/* Begin PBXSourcesBuildPhase section */
		F92ACAA723F8FA97004FE6DE /* Sources */ = {
			isa = PBXSourcesBuildPhase;
			buildActionMask = 2147483647;
			files = (
				F9770EB02404D7DF009BC667 /* SceneDelegate.swift in Sources */,
				F9F0B64124063A82004436DD /* ReminderDTO.swift in Sources */,
				F92ACAC623F8FB47004FE6DE /* ReminderViewController.swift in Sources */,
				F9EEEDF2240E13C700935991 /* String.swift in Sources */,
				F92ACAB323F8FA97004FE6DE /* ReminderListViewController.swift in Sources */,
				F9F0B648240B3FF9004436DD /* ReminderListViewModel.swift in Sources */,
				F92ACAB923F8FA97004FE6DE /* SwiftyDo.xcdatamodeld in Sources */,
				F9F0B63F24062CED004436DD /* RemindersDataClient.swift in Sources */,
				F92ACAAF23F8FA97004FE6DE /* AppDelegate.swift in Sources */,
			);
			runOnlyForDeploymentPostprocessing = 0;
		};
/* End PBXSourcesBuildPhase section */

/* Begin PBXVariantGroup section */
		F92ACAB423F8FA97004FE6DE /* Main.storyboard */ = {
			isa = PBXVariantGroup;
			children = (
				F92ACAB523F8FA97004FE6DE /* Base */,
			);
			name = Main.storyboard;
			sourceTree = "<group>";
		};
		F92ACABC23F8FA98004FE6DE /* LaunchScreen.storyboard */ = {
			isa = PBXVariantGroup;
			children = (
				F92ACABD23F8FA98004FE6DE /* Base */,
			);
			name = LaunchScreen.storyboard;
			sourceTree = "<group>";
		};
/* End PBXVariantGroup section */

/* Begin XCBuildConfiguration section */
		F92ACAC023F8FA98004FE6DE /* Debug */ = {
			isa = XCBuildConfiguration;
			buildSettings = {
				ALWAYS_SEARCH_USER_PATHS = NO;
				CLANG_ANALYZER_NONNULL = YES;
				CLANG_ANALYZER_NUMBER_OBJECT_CONVERSION = YES_AGGRESSIVE;
				CLANG_CXX_LANGUAGE_STANDARD = "gnu++14";
				CLANG_CXX_LIBRARY = "libc++";
				CLANG_ENABLE_MODULES = YES;
				CLANG_ENABLE_OBJC_ARC = YES;
				CLANG_ENABLE_OBJC_WEAK = YES;
				CLANG_WARN_BLOCK_CAPTURE_AUTORELEASING = YES;
				CLANG_WARN_BOOL_CONVERSION = YES;
				CLANG_WARN_COMMA = YES;
				CLANG_WARN_CONSTANT_CONVERSION = YES;
				CLANG_WARN_DEPRECATED_OBJC_IMPLEMENTATIONS = YES;
				CLANG_WARN_DIRECT_OBJC_ISA_USAGE = YES_ERROR;
				CLANG_WARN_DOCUMENTATION_COMMENTS = YES;
				CLANG_WARN_EMPTY_BODY = YES;
				CLANG_WARN_ENUM_CONVERSION = YES;
				CLANG_WARN_INFINITE_RECURSION = YES;
				CLANG_WARN_INT_CONVERSION = YES;
				CLANG_WARN_NON_LITERAL_NULL_CONVERSION = YES;
				CLANG_WARN_OBJC_IMPLICIT_RETAIN_SELF = YES;
				CLANG_WARN_OBJC_LITERAL_CONVERSION = YES;
				CLANG_WARN_OBJC_ROOT_CLASS = YES_ERROR;
				CLANG_WARN_RANGE_LOOP_ANALYSIS = YES;
				CLANG_WARN_STRICT_PROTOTYPES = YES;
				CLANG_WARN_SUSPICIOUS_MOVE = YES;
				CLANG_WARN_UNGUARDED_AVAILABILITY = YES_AGGRESSIVE;
				CLANG_WARN_UNREACHABLE_CODE = YES;
				CLANG_WARN__DUPLICATE_METHOD_MATCH = YES;
				COPY_PHASE_STRIP = NO;
				DEBUG_INFORMATION_FORMAT = dwarf;
				ENABLE_STRICT_OBJC_MSGSEND = YES;
				ENABLE_TESTABILITY = YES;
				GCC_C_LANGUAGE_STANDARD = gnu11;
				GCC_DYNAMIC_NO_PIC = NO;
				GCC_NO_COMMON_BLOCKS = YES;
				GCC_OPTIMIZATION_LEVEL = 0;
				GCC_PREPROCESSOR_DEFINITIONS = (
					"DEBUG=1",
					"$(inherited)",
				);
				GCC_WARN_64_TO_32_BIT_CONVERSION = YES;
				GCC_WARN_ABOUT_RETURN_TYPE = YES_ERROR;
				GCC_WARN_UNDECLARED_SELECTOR = YES;
				GCC_WARN_UNINITIALIZED_AUTOS = YES_AGGRESSIVE;
				GCC_WARN_UNUSED_FUNCTION = YES;
				GCC_WARN_UNUSED_VARIABLE = YES;
				IPHONEOS_DEPLOYMENT_TARGET = 13.2;
				MTL_ENABLE_DEBUG_INFO = INCLUDE_SOURCE;
				MTL_FAST_MATH = YES;
				ONLY_ACTIVE_ARCH = YES;
				SDKROOT = iphoneos;
				SWIFT_ACTIVE_COMPILATION_CONDITIONS = DEBUG;
				SWIFT_OPTIMIZATION_LEVEL = "-Onone";
			};
			name = Debug;
		};
		F92ACAC123F8FA98004FE6DE /* Release */ = {
			isa = XCBuildConfiguration;
			buildSettings = {
				ALWAYS_SEARCH_USER_PATHS = NO;
				CLANG_ANALYZER_NONNULL = YES;
				CLANG_ANALYZER_NUMBER_OBJECT_CONVERSION = YES_AGGRESSIVE;
				CLANG_CXX_LANGUAGE_STANDARD = "gnu++14";
				CLANG_CXX_LIBRARY = "libc++";
				CLANG_ENABLE_MODULES = YES;
				CLANG_ENABLE_OBJC_ARC = YES;
				CLANG_ENABLE_OBJC_WEAK = YES;
				CLANG_WARN_BLOCK_CAPTURE_AUTORELEASING = YES;
				CLANG_WARN_BOOL_CONVERSION = YES;
				CLANG_WARN_COMMA = YES;
				CLANG_WARN_CONSTANT_CONVERSION = YES;
				CLANG_WARN_DEPRECATED_OBJC_IMPLEMENTATIONS = YES;
				CLANG_WARN_DIRECT_OBJC_ISA_USAGE = YES_ERROR;
				CLANG_WARN_DOCUMENTATION_COMMENTS = YES;
				CLANG_WARN_EMPTY_BODY = YES;
				CLANG_WARN_ENUM_CONVERSION = YES;
				CLANG_WARN_INFINITE_RECURSION = YES;
				CLANG_WARN_INT_CONVERSION = YES;
				CLANG_WARN_NON_LITERAL_NULL_CONVERSION = YES;
				CLANG_WARN_OBJC_IMPLICIT_RETAIN_SELF = YES;
				CLANG_WARN_OBJC_LITERAL_CONVERSION = YES;
				CLANG_WARN_OBJC_ROOT_CLASS = YES_ERROR;
				CLANG_WARN_RANGE_LOOP_ANALYSIS = YES;
				CLANG_WARN_STRICT_PROTOTYPES = YES;
				CLANG_WARN_SUSPICIOUS_MOVE = YES;
				CLANG_WARN_UNGUARDED_AVAILABILITY = YES_AGGRESSIVE;
				CLANG_WARN_UNREACHABLE_CODE = YES;
				CLANG_WARN__DUPLICATE_METHOD_MATCH = YES;
				COPY_PHASE_STRIP = NO;
				DEBUG_INFORMATION_FORMAT = "dwarf-with-dsym";
				ENABLE_NS_ASSERTIONS = NO;
				ENABLE_STRICT_OBJC_MSGSEND = YES;
				GCC_C_LANGUAGE_STANDARD = gnu11;
				GCC_NO_COMMON_BLOCKS = YES;
				GCC_WARN_64_TO_32_BIT_CONVERSION = YES;
				GCC_WARN_ABOUT_RETURN_TYPE = YES_ERROR;
				GCC_WARN_UNDECLARED_SELECTOR = YES;
				GCC_WARN_UNINITIALIZED_AUTOS = YES_AGGRESSIVE;
				GCC_WARN_UNUSED_FUNCTION = YES;
				GCC_WARN_UNUSED_VARIABLE = YES;
				IPHONEOS_DEPLOYMENT_TARGET = 13.2;
				MTL_ENABLE_DEBUG_INFO = NO;
				MTL_FAST_MATH = YES;
				SDKROOT = iphoneos;
				SWIFT_COMPILATION_MODE = wholemodule;
				SWIFT_OPTIMIZATION_LEVEL = "-O";
				VALIDATE_PRODUCT = YES;
			};
			name = Release;
		};
		F92ACAC323F8FA98004FE6DE /* Debug */ = {
			isa = XCBuildConfiguration;
			buildSettings = {
				ASSETCATALOG_COMPILER_APPICON_NAME = AppIcon;
				CODE_SIGN_STYLE = Automatic;
				DEVELOPMENT_TEAM = 88VTP5F2WA;
				INFOPLIST_FILE = SwiftyDo/Info.plist;
				LD_RUNPATH_SEARCH_PATHS = (
					"$(inherited)",
					"@executable_path/Frameworks",
				);
				PRODUCT_BUNDLE_IDENTIFIER = me.jonathanmccormick.SwiftyDo;
				PRODUCT_NAME = SwiftyDo;
				SWIFT_VERSION = 5.0;
				TARGETED_DEVICE_FAMILY = 1;
			};
			name = Debug;
		};
		F92ACAC423F8FA98004FE6DE /* Release */ = {
			isa = XCBuildConfiguration;
			buildSettings = {
				ASSETCATALOG_COMPILER_APPICON_NAME = AppIcon;
				CODE_SIGN_STYLE = Automatic;
				DEVELOPMENT_TEAM = 88VTP5F2WA;
				INFOPLIST_FILE = SwiftyDo/Info.plist;
				LD_RUNPATH_SEARCH_PATHS = (
					"$(inherited)",
					"@executable_path/Frameworks",
				);
				PRODUCT_BUNDLE_IDENTIFIER = me.jonathanmccormick.SwiftyDo;
				PRODUCT_NAME = SwiftyDo;
				SWIFT_VERSION = 5.0;
				TARGETED_DEVICE_FAMILY = 1;
			};
			name = Release;
		};
/* End XCBuildConfiguration section */

/* Begin XCConfigurationList section */
		F92ACAA623F8FA97004FE6DE /* Build configuration list for PBXProject "SwiftyDo" */ = {
			isa = XCConfigurationList;
			buildConfigurations = (
				F92ACAC023F8FA98004FE6DE /* Debug */,
				F92ACAC123F8FA98004FE6DE /* Release */,
			);
			defaultConfigurationIsVisible = 0;
			defaultConfigurationName = Release;
		};
		F92ACAC223F8FA98004FE6DE /* Build configuration list for PBXNativeTarget "SwiftyDo" */ = {
			isa = XCConfigurationList;
			buildConfigurations = (
				F92ACAC323F8FA98004FE6DE /* Debug */,
				F92ACAC423F8FA98004FE6DE /* Release */,
			);
			defaultConfigurationIsVisible = 0;
			defaultConfigurationName = Release;
		};
/* End XCConfigurationList section */

/* Begin XCVersionGroup section */
		F92ACAB723F8FA97004FE6DE /* SwiftyDo.xcdatamodeld */ = {
			isa = XCVersionGroup;
			children = (
				F92ACAB823F8FA97004FE6DE /* SwiftyDo.xcdatamodel */,
			);
			currentVersion = F92ACAB823F8FA97004FE6DE /* SwiftyDo.xcdatamodel */;
			path = SwiftyDo.xcdatamodeld;
			sourceTree = "<group>";
			versionGroupType = wrapper.xcdatamodel;
		};
/* End XCVersionGroup section */
	};
	rootObject = F92ACAA323F8FA97004FE6DE /* Project object */;
}
